
Microsoft Visual Studio Solution File, Format Version 12.00
# Visual Studio Version 16
VisualStudioVersion = 16.0.810.7
MinimumVisualStudioVersion = 10.0.40219.1
Project("{FAE04EC0-301F-11D3-BF4B-00C04F79EFBC}") = "Week1", "Week1\Week1.csproj", "{A5037650-9759-458A-9BFD-1B0464B9B428}"
EndProject
Global
	GlobalSection(SolutionConfigurationPlatforms) = preSolution
		Debug|Any CPU = Debug|Any CPU
		Release|Any CPU = Release|Any CPU
	EndGlobalSection
	GlobalSection(ProjectConfigurationPlatforms) = postSolution
		{A5037650-9759-458A-9BFD-1B0464B9B428}.Debug|Any CPU.ActiveCfg = Debug|Any CPU
		{A5037650-9759-458A-9BFD-1B0464B9B428}.Debug|Any CPU.Build.0 = Debug|Any CPU
		{A5037650-9759-458A-9BFD-1B0464B9B428}.Release|Any CPU.ActiveCfg = Release|Any CPU
		{A5037650-9759-458A-9BFD-1B0464B9B428}.Release|Any CPU.Build.0 = Release|Any CPU
	EndGlobalSection
	GlobalSection(SolutionProperties) = preSolution
		HideSolutionNode = FALSE
	EndGlobalSection
	GlobalSection(ExtensibilityGlobals) = postSolution
		SolutionGuid = {6E6281F5-9D82-4B69-BBA5-AE32F5D974BD}
	EndGlobalSection
EndGlobal
