
Microsoft Visual Studio Solution File, Format Version 12.00
# Visual Studio Version 16
VisualStudioVersion = 16.0.810.7
MinimumVisualStudioVersion = 10.0.40219.1
Project("{2150E333-8FDC-42A3-9474-1A3956D46DE8}") = "Solution Items", "Solution Items", "{2F21824A-2914-4787-867B-DD73C0F20000}"
	ProjectSection(SolutionItems) = preProject
		StyleSheet.txt = StyleSheet.txt
	EndProjectSection
EndProject
Project("{2150E333-8FDC-42A3-9474-1A3956D46DE8}") = "Week1", "Week1", "{7AF448B4-387C-4F9C-B3F4-FF110927E91E}"
EndProject
Project("{9A19103F-16F7-4668-BE54-9A1E7A4F7556}") = "MyFirstProject", "Week1\Part1\MyFirstProject\MyFirstProject.csproj", "{7ABC4641-1F86-47AE-A732-71E421BBEAB7}"
EndProject
Project("{9A19103F-16F7-4668-BE54-9A1E7A4F7556}") = "CodeArt", "Week1\Part2\CodeArt\CodeArt.csproj", "{5AA2BBCD-7780-4CAD-BDE3-1AC3ADF75FC7}"
EndProject
Project("{2150E333-8FDC-42A3-9474-1A3956D46DE8}") = "Week2", "Week2", "{1DE054A3-6690-45D2-91CA-093A8573A4BF}"
EndProject
Project("{9A19103F-16F7-4668-BE54-9A1E7A4F7556}") = "ThreeNumberMath", "Week2\Lab\ThreeNumberMath.csproj", "{D3A37994-C924-4BD8-A85A-9EF380E528B3}"
EndProject
Project("{9A19103F-16F7-4668-BE54-9A1E7A4F7556}") = "Coupons", "Week2\Lab2\Coupons.csproj", "{97A966D0-AFBA-46DE-9B8A-37C9A8EF932C}"
EndProject
Project("{9A19103F-16F7-4668-BE54-9A1E7A4F7556}") = "PigLatin", "Week2\PigLatin\PigLatin.csproj", "{1A9BB080-98A2-4EF0-A073-E9B89E489202}"
EndProject
Project("{9A19103F-16F7-4668-BE54-9A1E7A4F7556}") = "TemperatureConversion", "Week2\TemperatureConversion\TemperatureConversion.csproj", "{1ECDA183-00EC-4016-9149-91CB518191CB}"
EndProject
Project("{2150E333-8FDC-42A3-9474-1A3956D46DE8}") = "Week3", "Week3", "{AF33BCFD-0EAB-4ABD-A97D-C9887B0B1DC9}"
EndProject
Project("{FAE04EC0-301F-11D3-BF4B-00C04F79EFBC}") = "Mortgage", "Week3\Mortgage\Mortgage.csproj", "{6A47D282-83BD-4370-A855-9C3A90502BBD}"
EndProject
Project("{FAE04EC0-301F-11D3-BF4B-00C04F79EFBC}") = "VendingMachine", "Week3\VendingMachine\VendingMachine.csproj", "{78B33E5D-84E5-4DC0-86D9-480BAD08E751}"
EndProject
Project("{FAE04EC0-301F-11D3-BF4B-00C04F79EFBC}") = "PigLatinGUI", "Week3\PigLatinGUI\PigLatinGUI.csproj", "{9DC621F4-6321-4B55-B6C7-884BCAF1C919}"
EndProject
Project("{FAE04EC0-301F-11D3-BF4B-00C04F79EFBC}") = "LampFlowchart", "Week3\LampFlowchart\LampFlowchart.csproj", "{5E170444-523A-46A2-869A-792278FCB319}"
EndProject
Project("{2150E333-8FDC-42A3-9474-1A3956D46DE8}") = "Week4", "Week4", "{9B01CB39-BC26-4DE2-84A3-1E1278AE56D7}"
EndProject
Project("{FAE04EC0-301F-11D3-BF4B-00C04F79EFBC}") = "SpeedLimit", "Week4\SpeedLimit\SpeedLimit.csproj", "{5D702B85-DBDE-42AF-BAD1-61E540C0C605}"
EndProject
Project("{FAE04EC0-301F-11D3-BF4B-00C04F79EFBC}") = "BMI-GUI", "Week4\BMI-GUI\BMI-GUI.csproj", "{8979B811-4BAA-4F44-BADB-F9B87BDD7DA7}"
EndProject
Project("{FAE04EC0-301F-11D3-BF4B-00C04F79EFBC}") = "CoinToss", "Week4\CoinToss\CoinToss.csproj", "{E1002012-8FC7-4093-A2E5-FEFA224FE553}"
EndProject
Global
	GlobalSection(SolutionConfigurationPlatforms) = preSolution
		Debug|Any CPU = Debug|Any CPU
		Release|Any CPU = Release|Any CPU
	EndGlobalSection
	GlobalSection(ProjectConfigurationPlatforms) = postSolution
		{7ABC4641-1F86-47AE-A732-71E421BBEAB7}.Debug|Any CPU.ActiveCfg = Debug|Any CPU
		{7ABC4641-1F86-47AE-A732-71E421BBEAB7}.Debug|Any CPU.Build.0 = Debug|Any CPU
		{7ABC4641-1F86-47AE-A732-71E421BBEAB7}.Release|Any CPU.ActiveCfg = Release|Any CPU
		{7ABC4641-1F86-47AE-A732-71E421BBEAB7}.Release|Any CPU.Build.0 = Release|Any CPU
		{5AA2BBCD-7780-4CAD-BDE3-1AC3ADF75FC7}.Debug|Any CPU.ActiveCfg = Debug|Any CPU
		{5AA2BBCD-7780-4CAD-BDE3-1AC3ADF75FC7}.Debug|Any CPU.Build.0 = Debug|Any CPU
		{5AA2BBCD-7780-4CAD-BDE3-1AC3ADF75FC7}.Release|Any CPU.ActiveCfg = Release|Any CPU
		{5AA2BBCD-7780-4CAD-BDE3-1AC3ADF75FC7}.Release|Any CPU.Build.0 = Release|Any CPU
		{D3A37994-C924-4BD8-A85A-9EF380E528B3}.Debug|Any CPU.ActiveCfg = Debug|Any CPU
		{D3A37994-C924-4BD8-A85A-9EF380E528B3}.Debug|Any CPU.Build.0 = Debug|Any CPU
		{D3A37994-C924-4BD8-A85A-9EF380E528B3}.Release|Any CPU.ActiveCfg = Release|Any CPU
		{D3A37994-C924-4BD8-A85A-9EF380E528B3}.Release|Any CPU.Build.0 = Release|Any CPU
		{97A966D0-AFBA-46DE-9B8A-37C9A8EF932C}.Debug|Any CPU.ActiveCfg = Debug|Any CPU
		{97A966D0-AFBA-46DE-9B8A-37C9A8EF932C}.Debug|Any CPU.Build.0 = Debug|Any CPU
		{97A966D0-AFBA-46DE-9B8A-37C9A8EF932C}.Release|Any CPU.ActiveCfg = Release|Any CPU
		{97A966D0-AFBA-46DE-9B8A-37C9A8EF932C}.Release|Any CPU.Build.0 = Release|Any CPU
		{1A9BB080-98A2-4EF0-A073-E9B89E489202}.Debug|Any CPU.ActiveCfg = Debug|Any CPU
		{1A9BB080-98A2-4EF0-A073-E9B89E489202}.Debug|Any CPU.Build.0 = Debug|Any CPU
		{1A9BB080-98A2-4EF0-A073-E9B89E489202}.Release|Any CPU.ActiveCfg = Release|Any CPU
		{1A9BB080-98A2-4EF0-A073-E9B89E489202}.Release|Any CPU.Build.0 = Release|Any CPU
		{1ECDA183-00EC-4016-9149-91CB518191CB}.Debug|Any CPU.ActiveCfg = Debug|Any CPU
		{1ECDA183-00EC-4016-9149-91CB518191CB}.Debug|Any CPU.Build.0 = Debug|Any CPU
		{1ECDA183-00EC-4016-9149-91CB518191CB}.Release|Any CPU.ActiveCfg = Release|Any CPU
		{1ECDA183-00EC-4016-9149-91CB518191CB}.Release|Any CPU.Build.0 = Release|Any CPU
		{6A47D282-83BD-4370-A855-9C3A90502BBD}.Debug|Any CPU.ActiveCfg = Debug|Any CPU
		{6A47D282-83BD-4370-A855-9C3A90502BBD}.Debug|Any CPU.Build.0 = Debug|Any CPU
		{6A47D282-83BD-4370-A855-9C3A90502BBD}.Release|Any CPU.ActiveCfg = Release|Any CPU
		{6A47D282-83BD-4370-A855-9C3A90502BBD}.Release|Any CPU.Build.0 = Release|Any CPU
		{78B33E5D-84E5-4DC0-86D9-480BAD08E751}.Debug|Any CPU.ActiveCfg = Debug|Any CPU
		{78B33E5D-84E5-4DC0-86D9-480BAD08E751}.Debug|Any CPU.Build.0 = Debug|Any CPU
		{78B33E5D-84E5-4DC0-86D9-480BAD08E751}.Release|Any CPU.ActiveCfg = Release|Any CPU
		{78B33E5D-84E5-4DC0-86D9-480BAD08E751}.Release|Any CPU.Build.0 = Release|Any CPU
		{9DC621F4-6321-4B55-B6C7-884BCAF1C919}.Debug|Any CPU.ActiveCfg = Debug|Any CPU
		{9DC621F4-6321-4B55-B6C7-884BCAF1C919}.Debug|Any CPU.Build.0 = Debug|Any CPU
		{9DC621F4-6321-4B55-B6C7-884BCAF1C919}.Release|Any CPU.ActiveCfg = Release|Any CPU
		{9DC621F4-6321-4B55-B6C7-884BCAF1C919}.Release|Any CPU.Build.0 = Release|Any CPU
		{5E170444-523A-46A2-869A-792278FCB319}.Debug|Any CPU.ActiveCfg = Debug|Any CPU
		{5E170444-523A-46A2-869A-792278FCB319}.Debug|Any CPU.Build.0 = Debug|Any CPU
		{5E170444-523A-46A2-869A-792278FCB319}.Release|Any CPU.ActiveCfg = Release|Any CPU
		{5E170444-523A-46A2-869A-792278FCB319}.Release|Any CPU.Build.0 = Release|Any CPU
		{5D702B85-DBDE-42AF-BAD1-61E540C0C605}.Debug|Any CPU.ActiveCfg = Debug|Any CPU
		{5D702B85-DBDE-42AF-BAD1-61E540C0C605}.Debug|Any CPU.Build.0 = Debug|Any CPU
		{5D702B85-DBDE-42AF-BAD1-61E540C0C605}.Release|Any CPU.ActiveCfg = Release|Any CPU
		{5D702B85-DBDE-42AF-BAD1-61E540C0C605}.Release|Any CPU.Build.0 = Release|Any CPU
		{8979B811-4BAA-4F44-BADB-F9B87BDD7DA7}.Debug|Any CPU.ActiveCfg = Debug|Any CPU
		{8979B811-4BAA-4F44-BADB-F9B87BDD7DA7}.Debug|Any CPU.Build.0 = Debug|Any CPU
		{8979B811-4BAA-4F44-BADB-F9B87BDD7DA7}.Release|Any CPU.ActiveCfg = Release|Any CPU
		{8979B811-4BAA-4F44-BADB-F9B87BDD7DA7}.Release|Any CPU.Build.0 = Release|Any CPU
		{E1002012-8FC7-4093-A2E5-FEFA224FE553}.Debug|Any CPU.ActiveCfg = Debug|Any CPU
		{E1002012-8FC7-4093-A2E5-FEFA224FE553}.Debug|Any CPU.Build.0 = Debug|Any CPU
		{E1002012-8FC7-4093-A2E5-FEFA224FE553}.Release|Any CPU.ActiveCfg = Release|Any CPU
		{E1002012-8FC7-4093-A2E5-FEFA224FE553}.Release|Any CPU.Build.0 = Release|Any CPU
	EndGlobalSection
	GlobalSection(SolutionProperties) = preSolution
		HideSolutionNode = FALSE
	EndGlobalSection
	GlobalSection(NestedProjects) = preSolution
		{7ABC4641-1F86-47AE-A732-71E421BBEAB7} = {7AF448B4-387C-4F9C-B3F4-FF110927E91E}
		{5AA2BBCD-7780-4CAD-BDE3-1AC3ADF75FC7} = {7AF448B4-387C-4F9C-B3F4-FF110927E91E}
		{D3A37994-C924-4BD8-A85A-9EF380E528B3} = {1DE054A3-6690-45D2-91CA-093A8573A4BF}
		{97A966D0-AFBA-46DE-9B8A-37C9A8EF932C} = {1DE054A3-6690-45D2-91CA-093A8573A4BF}
		{1A9BB080-98A2-4EF0-A073-E9B89E489202} = {1DE054A3-6690-45D2-91CA-093A8573A4BF}
		{1ECDA183-00EC-4016-9149-91CB518191CB} = {1DE054A3-6690-45D2-91CA-093A8573A4BF}
		{6A47D282-83BD-4370-A855-9C3A90502BBD} = {AF33BCFD-0EAB-4ABD-A97D-C9887B0B1DC9}
		{78B33E5D-84E5-4DC0-86D9-480BAD08E751} = {AF33BCFD-0EAB-4ABD-A97D-C9887B0B1DC9}
		{9DC621F4-6321-4B55-B6C7-884BCAF1C919} = {AF33BCFD-0EAB-4ABD-A97D-C9887B0B1DC9}
		{5E170444-523A-46A2-869A-792278FCB319} = {AF33BCFD-0EAB-4ABD-A97D-C9887B0B1DC9}
		{5D702B85-DBDE-42AF-BAD1-61E540C0C605} = {9B01CB39-BC26-4DE2-84A3-1E1278AE56D7}
		{8979B811-4BAA-4F44-BADB-F9B87BDD7DA7} = {9B01CB39-BC26-4DE2-84A3-1E1278AE56D7}
		{E1002012-8FC7-4093-A2E5-FEFA224FE553} = {9B01CB39-BC26-4DE2-84A3-1E1278AE56D7}
	EndGlobalSection
	GlobalSection(ExtensibilityGlobals) = postSolution
		SolutionGuid = {6E6281F5-9D82-4B69-BBA5-AE32F5D974BD}
	EndGlobalSection
EndGlobal
